{
  "name": "ide-json",
  "version": "0.0.0",
  "lockfileVersion": 1,
  "requires": true,
  "dependencies": {
    "@types/node": {
      "version": "8.0.24",
      "resolved": "https://registry.npmjs.org/@types/node/-/node-8.0.24.tgz",
      "integrity": "sha512-c3Npme+2JGqxW8+B+aXdN5SPIlCf1C8WxQC6Ea39rO/ASPosnMkWVR16mDJtRE+2dr2xwOQ7DiLxb+wO/TWuPg==",
      "dev": true
    },
    "agent-base": {
      "version": "1.0.2",
      "resolved": "https://registry.npmjs.org/agent-base/-/agent-base-1.0.2.tgz",
      "integrity": "sha1-aJDT+yFwBLYrcPiSjg+uX4lSpwY="
    },
    "atom-languageclient": {
      "version": "0.4.0",
      "resolved": "https://registry.npmjs.org/atom-languageclient/-/atom-languageclient-0.4.0.tgz",
      "integrity": "sha512-BMUqlcgOwIEl2KnPWcvMd9BSpXSb/f7uaCvqeWCgEpabXJETqDZbUHvbO4kRqV75tIYmrbp6JTWoo83XlM8L1A==",
      "requires": {
        "vscode-jsonrpc": "3.3.1"
      }
    },
    "debug": {
      "version": "2.6.8",
      "resolved": "https://registry.npmjs.org/debug/-/debug-2.6.8.tgz",
      "integrity": "sha1-5zFTHKLt4n0YgiJCfaF4IdaP9Pw=",
      "requires": {
        "ms": "2.0.0"
      }
    },
    "extend": {
      "version": "3.0.1",
      "resolved": "https://registry.npmjs.org/extend/-/extend-3.0.1.tgz",
      "integrity": "sha1-p1Xqe8Gt/MWjHOfnYtuq3F5jZEQ="
    },
    "fuzzaldrin-plus": {
      "version": "0.4.1",
      "resolved": "https://registry.npmjs.org/fuzzaldrin-plus/-/fuzzaldrin-plus-0.4.1.tgz",
      "integrity": "sha1-l5WVAkqrdBhJQjB9Yx16pEHu43k="
    },
    "http-proxy-agent": {
      "version": "0.2.7",
      "resolved": "https://registry.npmjs.org/http-proxy-agent/-/http-proxy-agent-0.2.7.tgz",
      "integrity": "sha1-4X/aZfCQLZUs55IeYsf/iGJlWl4=",
      "requires": {
        "agent-base": "1.0.2",
        "debug": "2.6.8",
        "extend": "3.0.1"
      }
    },
    "https-proxy-agent": {
      "version": "0.3.6",
      "resolved": "https://registry.npmjs.org/https-proxy-agent/-/https-proxy-agent-0.3.6.tgz",
      "integrity": "sha1-cT+jjl01P1DrFKNC/r4pAz7RYZs=",
      "requires": {
        "agent-base": "1.0.2",
        "debug": "2.6.8",
        "extend": "3.0.1"
      }
    },
    "jsonc-parser": {
      "version": "0.4.2",
      "resolved": "https://registry.npmjs.org/jsonc-parser/-/jsonc-parser-0.4.2.tgz",
      "integrity": "sha1-pLLK9n0acjlCgwZgYBMPcVBRMx0=",
      "requires": {
        "vscode-nls": "2.0.2"
      }
    },
    "ms": {
      "version": "2.0.0",
      "resolved": "https://registry.npmjs.org/ms/-/ms-2.0.0.tgz",
      "integrity": "sha1-VgiurfwAvmwpAd9fmGF4jeDVl8g="
    },
    "request-light": {
      "version": "0.2.1",
      "resolved": "https://registry.npmjs.org/request-light/-/request-light-0.2.1.tgz",
      "integrity": "sha1-mG9agok+nRymqJbr5vRsUca0VX8=",
      "requires": {
        "http-proxy-agent": "0.2.7",
        "https-proxy-agent": "0.3.6",
        "vscode-nls": "2.0.2"
      }
    },
    "typescript": {
      "version": "2.4.2",
      "resolved": "https://registry.npmjs.org/typescript/-/typescript-2.4.2.tgz",
      "integrity": "sha1-+DlfhdRZJ2BnyYiqQYN6j4KHCEQ=",
      "dev": true
    },
    "vscode-json-languageserver-bin": {
      "version": "1.0.0",
      "resolved": "https://registry.npmjs.org/vscode-json-languageserver-bin/-/vscode-json-languageserver-bin-1.0.0.tgz",
      "integrity": "sha1-chXKbE0cIgvfwuqiDglUAzW/5hg=",
      "requires": {
        "jsonc-parser": "0.4.2",
        "request-light": "0.2.1",
        "vscode-json-languageservice": "2.0.13",
        "vscode-languageserver": "3.3.0",
        "vscode-nls": "2.0.2"
      }
    },
    "vscode-json-languageservice": {
      "version": "2.0.13",
      "resolved": "https://registry.npmjs.org/vscode-json-languageservice/-/vscode-json-languageservice-2.0.13.tgz",
      "integrity": "sha1-Z5ZYrw7AaLqWeEcVx1KzmqoSw/o=",
      "requires": {
        "jsonc-parser": "0.4.2",
        "vscode-languageserver-types": "3.3.0",
        "vscode-nls": "2.0.2",
        "vscode-uri": "1.0.1"
      }
    },
    "vscode-jsonrpc": {
      "version": "3.3.1",
      "resolved": "https://registry.npmjs.org/vscode-jsonrpc/-/vscode-jsonrpc-3.3.1.tgz",
      "integrity": "sha512-iLlG27498AJF0j4GJ4yua7Z9bpJfLfwpAaAA9mihe6VDoYHwK8TyFgnpXdgjoTb8X9/DnzimQeg0bjIWINvPWw=="
    },
    "vscode-languageserver": {
      "version": "3.3.0",
      "resolved": "https://registry.npmjs.org/vscode-languageserver/-/vscode-languageserver-3.3.0.tgz",
      "integrity": "sha512-8YvEbjl77Nl24/cgcSbQC/CPEhSoJwvLLKGJZJbIF4DsGo4jrVDbuARXfmUt9S6vCEEr++o3fbbZ17iLZ0QH0A==",
      "requires": {
        "vscode-jsonrpc": "3.3.1",
        "vscode-languageserver-types": "3.3.0"
      }
    },
    "vscode-languageserver-types": {
      "version": "3.3.0",
      "resolved": "https://registry.npmjs.org/vscode-languageserver-types/-/vscode-languageserver-types-3.3.0.tgz",
      "integrity": "sha512-5BMClM4D3mRl5JlWFxIxhhJAbcVW9dFviz8ubppmG8epCTzl1bPpndcnvsjOjUlVsO9V8l8Ktklqc70Ew6soew=="
    },
    "vscode-nls": {
      "version": "2.0.2",
      "resolved": "https://registry.npmjs.org/vscode-nls/-/vscode-nls-2.0.2.tgz",
      "integrity": "sha1-gIUiOAhEuK0VNJmvXDsDkhrqAto="
    },
    "vscode-uri": {
      "version": "1.0.1",
      "resolved": "https://registry.npmjs.org/vscode-uri/-/vscode-uri-1.0.1.tgz",
      "integrity": "sha1-Eahr7+rDxKo+wIYjZRo8gabQu8g="
    }
  }
}
